
Microsoft Visual Studio Solution File, Format Version 12.00
Project("{FAE04EC0-301F-11D3-BF4B-00C04F79EFBC}") = "Publisher", "Publisher\Publisher.csproj", "{F9C1B731-1B4B-49C5-8855-D85674DF034F}"
EndProject
Project("{FAE04EC0-301F-11D3-BF4B-00C04F79EFBC}") = "Subscriber", "Subscriber\Subscriber.csproj", "{A4933C45-BA2E-49E1-804A-C20C6F083FAA}"
EndProject
Project("{FAE04EC0-301F-11D3-BF4B-00C04F79EFBC}") = "Messages", "Messages\Messages.csproj", "{69DC3E16-7C01-43D0-A48E-C6C0D16E5800}"
EndProject
Project("{FAE04EC0-301F-11D3-BF4B-00C04F79EFBC}") = "AdditionalSubscriber", "AdditionalSubscriber\AdditionalSubscriber.csproj", "{9BC30F8E-8DF6-4EDA-949C-548F4909C519}"
EndProject
Project("{FAE04EC0-301F-11D3-BF4B-00C04F79EFBC}") = "Sender", "Sender\Sender.csproj", "{6087E59C-20D1-49F8-AEB3-56820E7D80BE}"
EndProject
Project("{FAE04EC0-301F-11D3-BF4B-00C04F79EFBC}") = "Receiver", "Receiver\Receiver.csproj", "{4321116E-5E33-4A2D-9E5B-118FBB795478}"
EndProject
Project("{FAE04EC0-301F-11D3-BF4B-00C04F79EFBC}") = "Common", "Common\Common.csproj", "{6E8BE920-048F-4D2A-BB19-E5F7A900BE70}"
EndProject
Project("{2150E333-8FDC-42A3-9474-1A3956D46DE8}") = "PublishSubscribe", "PublishSubscribe", "{1150621E-E2E5-4378-AE64-852B08B4052C}"
EndProject
Project("{2150E333-8FDC-42A3-9474-1A3956D46DE8}") = "SendReceive", "SendReceive", "{C979E737-B7D3-422F-BCF1-6D1333FE1EDF}"
EndProject
Project("{FAE04EC0-301F-11D3-BF4B-00C04F79EFBC}") = "Requester", "Requester\Requester.csproj", "{61BB13E3-7DDF-4A24-BD3D-C1786D3C17A4}"
EndProject
Project("{FAE04EC0-301F-11D3-BF4B-00C04F79EFBC}") = "Responder", "Responder\Responder.csproj", "{A26E2AB9-1A01-4DD5-B9D6-056D04349D92}"
EndProject
Project("{2150E333-8FDC-42A3-9474-1A3956D46DE8}") = "RequestResponse", "RequestResponse", "{336041F4-11D2-4E82-BFC3-1667AEA65414}"
EndProject
Global
	GlobalSection(SolutionConfigurationPlatforms) = preSolution
		Debug|Any CPU = Debug|Any CPU
		Release|Any CPU = Release|Any CPU
	EndGlobalSection
	GlobalSection(ProjectConfigurationPlatforms) = postSolution
		{F9C1B731-1B4B-49C5-8855-D85674DF034F}.Debug|Any CPU.ActiveCfg = Debug|Any CPU
		{F9C1B731-1B4B-49C5-8855-D85674DF034F}.Debug|Any CPU.Build.0 = Debug|Any CPU
		{F9C1B731-1B4B-49C5-8855-D85674DF034F}.Release|Any CPU.ActiveCfg = Release|Any CPU
		{F9C1B731-1B4B-49C5-8855-D85674DF034F}.Release|Any CPU.Build.0 = Release|Any CPU
		{A4933C45-BA2E-49E1-804A-C20C6F083FAA}.Debug|Any CPU.ActiveCfg = Debug|Any CPU
		{A4933C45-BA2E-49E1-804A-C20C6F083FAA}.Debug|Any CPU.Build.0 = Debug|Any CPU
		{A4933C45-BA2E-49E1-804A-C20C6F083FAA}.Release|Any CPU.ActiveCfg = Release|Any CPU
		{A4933C45-BA2E-49E1-804A-C20C6F083FAA}.Release|Any CPU.Build.0 = Release|Any CPU
		{69DC3E16-7C01-43D0-A48E-C6C0D16E5800}.Debug|Any CPU.ActiveCfg = Debug|Any CPU
		{69DC3E16-7C01-43D0-A48E-C6C0D16E5800}.Debug|Any CPU.Build.0 = Debug|Any CPU
		{69DC3E16-7C01-43D0-A48E-C6C0D16E5800}.Release|Any CPU.ActiveCfg = Release|Any CPU
		{69DC3E16-7C01-43D0-A48E-C6C0D16E5800}.Release|Any CPU.Build.0 = Release|Any CPU
		{9BC30F8E-8DF6-4EDA-949C-548F4909C519}.Debug|Any CPU.ActiveCfg = Debug|Any CPU
		{9BC30F8E-8DF6-4EDA-949C-548F4909C519}.Debug|Any CPU.Build.0 = Debug|Any CPU
		{9BC30F8E-8DF6-4EDA-949C-548F4909C519}.Release|Any CPU.ActiveCfg = Release|Any CPU
		{9BC30F8E-8DF6-4EDA-949C-548F4909C519}.Release|Any CPU.Build.0 = Release|Any CPU
		{6087E59C-20D1-49F8-AEB3-56820E7D80BE}.Debug|Any CPU.ActiveCfg = Debug|Any CPU
		{6087E59C-20D1-49F8-AEB3-56820E7D80BE}.Debug|Any CPU.Build.0 = Debug|Any CPU
		{6087E59C-20D1-49F8-AEB3-56820E7D80BE}.Release|Any CPU.ActiveCfg = Release|Any CPU
		{6087E59C-20D1-49F8-AEB3-56820E7D80BE}.Release|Any CPU.Build.0 = Release|Any CPU
		{4321116E-5E33-4A2D-9E5B-118FBB795478}.Debug|Any CPU.ActiveCfg = Debug|Any CPU
		{4321116E-5E33-4A2D-9E5B-118FBB795478}.Debug|Any CPU.Build.0 = Debug|Any CPU
		{4321116E-5E33-4A2D-9E5B-118FBB795478}.Release|Any CPU.ActiveCfg = Release|Any CPU
		{4321116E-5E33-4A2D-9E5B-118FBB795478}.Release|Any CPU.Build.0 = Release|Any CPU
		{6E8BE920-048F-4D2A-BB19-E5F7A900BE70}.Debug|Any CPU.ActiveCfg = Debug|Any CPU
		{6E8BE920-048F-4D2A-BB19-E5F7A900BE70}.Debug|Any CPU.Build.0 = Debug|Any CPU
		{6E8BE920-048F-4D2A-BB19-E5F7A900BE70}.Release|Any CPU.ActiveCfg = Release|Any CPU
		{6E8BE920-048F-4D2A-BB19-E5F7A900BE70}.Release|Any CPU.Build.0 = Release|Any CPU
		{61BB13E3-7DDF-4A24-BD3D-C1786D3C17A4}.Debug|Any CPU.ActiveCfg = Debug|Any CPU
		{61BB13E3-7DDF-4A24-BD3D-C1786D3C17A4}.Debug|Any CPU.Build.0 = Debug|Any CPU
		{61BB13E3-7DDF-4A24-BD3D-C1786D3C17A4}.Release|Any CPU.ActiveCfg = Release|Any CPU
		{61BB13E3-7DDF-4A24-BD3D-C1786D3C17A4}.Release|Any CPU.Build.0 = Release|Any CPU
		{A26E2AB9-1A01-4DD5-B9D6-056D04349D92}.Debug|Any CPU.ActiveCfg = Debug|Any CPU
		{A26E2AB9-1A01-4DD5-B9D6-056D04349D92}.Debug|Any CPU.Build.0 = Debug|Any CPU
		{A26E2AB9-1A01-4DD5-B9D6-056D04349D92}.Release|Any CPU.ActiveCfg = Release|Any CPU
		{A26E2AB9-1A01-4DD5-B9D6-056D04349D92}.Release|Any CPU.Build.0 = Release|Any CPU
	EndGlobalSection
	GlobalSection(NestedProjects) = preSolution
		{9BC30F8E-8DF6-4EDA-949C-548F4909C519} = {1150621E-E2E5-4378-AE64-852B08B4052C}
		{F9C1B731-1B4B-49C5-8855-D85674DF034F} = {1150621E-E2E5-4378-AE64-852B08B4052C}
		{A4933C45-BA2E-49E1-804A-C20C6F083FAA} = {1150621E-E2E5-4378-AE64-852B08B4052C}
		{6087E59C-20D1-49F8-AEB3-56820E7D80BE} = {C979E737-B7D3-422F-BCF1-6D1333FE1EDF}
		{4321116E-5E33-4A2D-9E5B-118FBB795478} = {C979E737-B7D3-422F-BCF1-6D1333FE1EDF}
		{61BB13E3-7DDF-4A24-BD3D-C1786D3C17A4} = {336041F4-11D2-4E82-BFC3-1667AEA65414}
		{A26E2AB9-1A01-4DD5-B9D6-056D04349D92} = {336041F4-11D2-4E82-BFC3-1667AEA65414}
	EndGlobalSection
EndGlobal
